
Microsoft Visual Studio Solution File, Format Version 12.00
# Visual Studio Version 17
VisualStudioVersion = 17.3.32825.248
MinimumVisualStudioVersion = 10.0.40219.1
Project("{9A19103F-16F7-4668-BE54-9A1E7A4F7556}") = "EFCoreIntTestsSmith.ConsoleApp", "EFCoreIntegrationTestsSmithRealDb\EFCoreIntTestsSmith.ConsoleApp.csproj", "{AB1B4FF5-9AF2-461C-A337-37FC2C062D88}"
EndProject
Project("{9A19103F-16F7-4668-BE54-9A1E7A4F7556}") = "EFCoreIntTestSmith.Business", "EFCoreIntTestSmith.Business\EFCoreIntTestSmith.Business.csproj", "{131679A3-CDC1-44D8-952C-57F1F0FFA62F}"
EndProject
Project("{9A19103F-16F7-4668-BE54-9A1E7A4F7556}") = "EFCoreIntTestSmith.Business.IntegrationTests", "EFCoreIntTestSmith.Business.IntegrationTests\EFCoreIntTestSmith.Business.IntegrationTests.csproj", "{735FAF43-268B-4E7D-9B86-596B42442868}"
	ProjectSection(ProjectDependencies) = postProject
		{131679A3-CDC1-44D8-952C-57F1F0FFA62F} = {131679A3-CDC1-44D8-952C-57F1F0FFA62F}
	EndProjectSection
EndProject
Global
	GlobalSection(SolutionConfigurationPlatforms) = preSolution
		Debug|Any CPU = Debug|Any CPU
		Release|Any CPU = Release|Any CPU
	EndGlobalSection
	GlobalSection(ProjectConfigurationPlatforms) = postSolution
		{AB1B4FF5-9AF2-461C-A337-37FC2C062D88}.Debug|Any CPU.ActiveCfg = Debug|Any CPU
		{AB1B4FF5-9AF2-461C-A337-37FC2C062D88}.Debug|Any CPU.Build.0 = Debug|Any CPU
		{AB1B4FF5-9AF2-461C-A337-37FC2C062D88}.Release|Any CPU.ActiveCfg = Release|Any CPU
		{AB1B4FF5-9AF2-461C-A337-37FC2C062D88}.Release|Any CPU.Build.0 = Release|Any CPU
		{131679A3-CDC1-44D8-952C-57F1F0FFA62F}.Debug|Any CPU.ActiveCfg = Debug|Any CPU
		{131679A3-CDC1-44D8-952C-57F1F0FFA62F}.Debug|Any CPU.Build.0 = Debug|Any CPU
		{131679A3-CDC1-44D8-952C-57F1F0FFA62F}.Release|Any CPU.ActiveCfg = Release|Any CPU
		{131679A3-CDC1-44D8-952C-57F1F0FFA62F}.Release|Any CPU.Build.0 = Release|Any CPU
		{735FAF43-268B-4E7D-9B86-596B42442868}.Debug|Any CPU.ActiveCfg = Debug|Any CPU
		{735FAF43-268B-4E7D-9B86-596B42442868}.Debug|Any CPU.Build.0 = Debug|Any CPU
		{735FAF43-268B-4E7D-9B86-596B42442868}.Release|Any CPU.ActiveCfg = Release|Any CPU
		{735FAF43-268B-4E7D-9B86-596B42442868}.Release|Any CPU.Build.0 = Release|Any CPU
	EndGlobalSection
	GlobalSection(SolutionProperties) = preSolution
		HideSolutionNode = FALSE
	EndGlobalSection
	GlobalSection(ExtensibilityGlobals) = postSolution
		SolutionGuid = {93B027DF-328A-4BB5-B46C-BC9A0D1A3402}
	EndGlobalSection
EndGlobal
